// !$*UTF8*$!
{
	archiveVersion = 1;
	classes = {
	};
	objectVersion = 46;
	objects = {

/* Begin PBXBuildFile section */
		65D001A71AB4B90F00121383 /* AppDelegate.swift in Sources */ = {isa = PBXBuildFile; fileRef = 65D001A61AB4B90F00121383 /* AppDelegate.swift */; };
		65D001A91AB4B90F00121383 /* RootViewController.swift in Sources */ = {isa = PBXBuildFile; fileRef = 65D001A81AB4B90F00121383 /* RootViewController.swift */; };
		65D001AB1AB4B90F00121383 /* DataViewController.swift in Sources */ = {isa = PBXBuildFile; fileRef = 65D001AA1AB4B90F00121383 /* DataViewController.swift */; };
		65D001AD1AB4B90F00121383 /* ModelController.swift in Sources */ = {isa = PBXBuildFile; fileRef = 65D001AC1AB4B90F00121383 /* ModelController.swift */; };
		65D001B01AB4B90F00121383 /* Main.storyboard in Resources */ = {isa = PBXBuildFile; fileRef = 65D001AE1AB4B90F00121383 /* Main.storyboard */; };
		65D001B21AB4B90F00121383 /* Images.xcassets in Resources */ = {isa = PBXBuildFile; fileRef = 65D001B11AB4B90F00121383 /* Images.xcassets */; };
		65D001B51AB4B90F00121383 /* LaunchScreen.xib in Resources */ = {isa = PBXBuildFile; fileRef = 65D001B31AB4B90F00121383 /* LaunchScreen.xib */; };
		65D001C11AB4B90F00121383 /* weatherTests.swift in Sources */ = {isa = PBXBuildFile; fileRef = 65D001C01AB4B90F00121383 /* weatherTests.swift */; };
		65D001CB1AB4B9B500121383 /* YQL.swift in Sources */ = {isa = PBXBuildFile; fileRef = 65D001CA1AB4B9B500121383 /* YQL.swift */; };
		65D001CD1AB4C36700121383 /* WeatherData.swift in Sources */ = {isa = PBXBuildFile; fileRef = 65D001CC1AB4C36700121383 /* WeatherData.swift */; };
		65D001DE1AB4D73A00121383 /* InterfaceController.swift in Sources */ = {isa = PBXBuildFile; fileRef = 65D001DD1AB4D73A00121383 /* InterfaceController.swift */; };
		65D001E01AB4D73A00121383 /* NotificationController.swift in Sources */ = {isa = PBXBuildFile; fileRef = 65D001DF1AB4D73A00121383 /* NotificationController.swift */; };
		65D001E21AB4D73A00121383 /* GlanceController.swift in Sources */ = {isa = PBXBuildFile; fileRef = 65D001E11AB4D73A00121383 /* GlanceController.swift */; };
		65D001E41AB4D73A00121383 /* Images.xcassets in Resources */ = {isa = PBXBuildFile; fileRef = 65D001E31AB4D73A00121383 /* Images.xcassets */; };
		65D001E81AB4D73A00121383 /* weather WatchKit App.app in Resources */ = {isa = PBXBuildFile; fileRef = 65D001E71AB4D73A00121383 /* weather WatchKit App.app */; };
		65D001F01AB4D73A00121383 /* Interface.storyboard in Resources */ = {isa = PBXBuildFile; fileRef = 65D001EE1AB4D73A00121383 /* Interface.storyboard */; };
		65D001F21AB4D73A00121383 /* Images.xcassets in Resources */ = {isa = PBXBuildFile; fileRef = 65D001F11AB4D73A00121383 /* Images.xcassets */; };
		65D001F61AB4D73A00121383 /* weather WatchKit Extension.appex in Embed App Extensions */ = {isa = PBXBuildFile; fileRef = 65D001D81AB4D73A00121383 /* weather WatchKit Extension.appex */; settings = {ATTRIBUTES = (RemoveHeadersOnCopy, ); }; };
		65D002041AB4F27500121383 /* Craft.swift in Sources */ = {isa = PBXBuildFile; fileRef = 65D001FE1AB4F27500121383 /* Craft.swift */; };
		65D002051AB4F27500121383 /* Deferred.swift in Sources */ = {isa = PBXBuildFile; fileRef = 65D001FF1AB4F27500121383 /* Deferred.swift */; };
		65D002061AB4F27500121383 /* Promise.swift in Sources */ = {isa = PBXBuildFile; fileRef = 65D002001AB4F27500121383 /* Promise.swift */; };
		65D002071AB4F27500121383 /* SettledResult.swift in Sources */ = {isa = PBXBuildFile; fileRef = 65D002011AB4F27500121383 /* SettledResult.swift */; };
		65D002081AB4F27500121383 /* SwiftyJSON.swift in Sources */ = {isa = PBXBuildFile; fileRef = 65D002031AB4F27500121383 /* SwiftyJSON.swift */; };
/* End PBXBuildFile section */

/* Begin PBXContainerItemProxy section */
		65D001BB1AB4B90F00121383 /* PBXContainerItemProxy */ = {
			isa = PBXContainerItemProxy;
			containerPortal = 65D001991AB4B90F00121383 /* Project object */;
			proxyType = 1;
			remoteGlobalIDString = 65D001A01AB4B90F00121383;
			remoteInfo = weather;
		};
		65D001E91AB4D73A00121383 /* PBXContainerItemProxy */ = {
			isa = PBXContainerItemProxy;
			containerPortal = 65D001991AB4B90F00121383 /* Project object */;
			proxyType = 1;
			remoteGlobalIDString = 65D001E61AB4D73A00121383;
			remoteInfo = "weather WatchKit App";
		};
		65D001F31AB4D73A00121383 /* PBXContainerItemProxy */ = {
			isa = PBXContainerItemProxy;
			containerPortal = 65D001991AB4B90F00121383 /* Project object */;
			proxyType = 1;
			remoteGlobalIDString = 65D001D71AB4D73A00121383;
			remoteInfo = "weather WatchKit Extension";
		};
/* End PBXContainerItemProxy section */

/* Begin PBXCopyFilesBuildPhase section */
		65D001F51AB4D73A00121383 /* Embed App Extensions */ = {
			isa = PBXCopyFilesBuildPhase;
			buildActionMask = 2147483647;
			dstPath = "";
			dstSubfolderSpec = 13;
			files = (
				65D001F61AB4D73A00121383 /* weather WatchKit Extension.appex in Embed App Extensions */,
			);
			name = "Embed App Extensions";
			runOnlyForDeploymentPostprocessing = 0;
		};
/* End PBXCopyFilesBuildPhase section */

/* Begin PBXFileReference section */
		65D001A11AB4B90F00121383 /* weather.app */ = {isa = PBXFileReference; explicitFileType = wrapper.application; includeInIndex = 0; path = weather.app; sourceTree = BUILT_PRODUCTS_DIR; };
		65D001A51AB4B90F00121383 /* Info.plist */ = {isa = PBXFileReference; lastKnownFileType = text.plist.xml; path = Info.plist; sourceTree = "<group>"; };
		65D001A61AB4B90F00121383 /* AppDelegate.swift */ = {isa = PBXFileReference; lastKnownFileType = sourcecode.swift; path = AppDelegate.swift; sourceTree = "<group>"; };
		65D001A81AB4B90F00121383 /* RootViewController.swift */ = {isa = PBXFileReference; lastKnownFileType = sourcecode.swift; path = RootViewController.swift; sourceTree = "<group>"; };
		65D001AA1AB4B90F00121383 /* DataViewController.swift */ = {isa = PBXFileReference; lastKnownFileType = sourcecode.swift; path = DataViewController.swift; sourceTree = "<group>"; };
		65D001AC1AB4B90F00121383 /* ModelController.swift */ = {isa = PBXFileReference; lastKnownFileType = sourcecode.swift; path = ModelController.swift; sourceTree = "<group>"; };
		65D001AF1AB4B90F00121383 /* Base */ = {isa = PBXFileReference; lastKnownFileType = file.storyboard; name = Base; path = Base.lproj/Main.storyboard; sourceTree = "<group>"; };
		65D001B11AB4B90F00121383 /* Images.xcassets */ = {isa = PBXFileReference; lastKnownFileType = folder.assetcatalog; path = Images.xcassets; sourceTree = "<group>"; };
		65D001B41AB4B90F00121383 /* Base */ = {isa = PBXFileReference; lastKnownFileType = file.xib; name = Base; path = Base.lproj/LaunchScreen.xib; sourceTree = "<group>"; };
		65D001BA1AB4B90F00121383 /* weatherTests.xctest */ = {isa = PBXFileReference; explicitFileType = wrapper.cfbundle; includeInIndex = 0; path = weatherTests.xctest; sourceTree = BUILT_PRODUCTS_DIR; };
		65D001BF1AB4B90F00121383 /* Info.plist */ = {isa = PBXFileReference; lastKnownFileType = text.plist.xml; path = Info.plist; sourceTree = "<group>"; };
		65D001C01AB4B90F00121383 /* weatherTests.swift */ = {isa = PBXFileReference; lastKnownFileType = sourcecode.swift; path = weatherTests.swift; sourceTree = "<group>"; };
		65D001CA1AB4B9B500121383 /* YQL.swift */ = {isa = PBXFileReference; fileEncoding = 4; lastKnownFileType = sourcecode.swift; path = YQL.swift; sourceTree = "<group>"; };
		65D001CC1AB4C36700121383 /* WeatherData.swift */ = {isa = PBXFileReference; fileEncoding = 4; lastKnownFileType = sourcecode.swift; path = WeatherData.swift; sourceTree = "<group>"; };
		65D001D81AB4D73A00121383 /* weather WatchKit Extension.appex */ = {isa = PBXFileReference; explicitFileType = "wrapper.app-extension"; includeInIndex = 0; path = "weather WatchKit Extension.appex"; sourceTree = BUILT_PRODUCTS_DIR; };
		65D001DB1AB4D73A00121383 /* Info.plist */ = {isa = PBXFileReference; lastKnownFileType = text.plist.xml; path = Info.plist; sourceTree = "<group>"; };
		65D001DC1AB4D73A00121383 /* PushNotificationPayload.apns */ = {isa = PBXFileReference; lastKnownFileType = text; path = PushNotificationPayload.apns; sourceTree = "<group>"; };
		65D001DD1AB4D73A00121383 /* InterfaceController.swift */ = {isa = PBXFileReference; lastKnownFileType = sourcecode.swift; path = InterfaceController.swift; sourceTree = "<group>"; };
		65D001DF1AB4D73A00121383 /* NotificationController.swift */ = {isa = PBXFileReference; lastKnownFileType = sourcecode.swift; path = NotificationController.swift; sourceTree = "<group>"; };
		65D001E11AB4D73A00121383 /* GlanceController.swift */ = {isa = PBXFileReference; lastKnownFileType = sourcecode.swift; path = GlanceController.swift; sourceTree = "<group>"; };
		65D001E31AB4D73A00121383 /* Images.xcassets */ = {isa = PBXFileReference; lastKnownFileType = folder.assetcatalog; path = Images.xcassets; sourceTree = "<group>"; };
		65D001E71AB4D73A00121383 /* weather WatchKit App.app */ = {isa = PBXFileReference; explicitFileType = wrapper.application; includeInIndex = 0; path = "weather WatchKit App.app"; sourceTree = BUILT_PRODUCTS_DIR; };
		65D001ED1AB4D73A00121383 /* Info.plist */ = {isa = PBXFileReference; lastKnownFileType = text.plist.xml; path = Info.plist; sourceTree = "<group>"; };
		65D001EF1AB4D73A00121383 /* Base */ = {isa = PBXFileReference; lastKnownFileType = file.storyboard; name = Base; path = Base.lproj/Interface.storyboard; sourceTree = "<group>"; };
		65D001F11AB4D73A00121383 /* Images.xcassets */ = {isa = PBXFileReference; lastKnownFileType = folder.assetcatalog; path = Images.xcassets; sourceTree = "<group>"; };
		65D001FE1AB4F27500121383 /* Craft.swift */ = {isa = PBXFileReference; fileEncoding = 4; lastKnownFileType = sourcecode.swift; path = Craft.swift; sourceTree = "<group>"; };
		65D001FF1AB4F27500121383 /* Deferred.swift */ = {isa = PBXFileReference; fileEncoding = 4; lastKnownFileType = sourcecode.swift; path = Deferred.swift; sourceTree = "<group>"; };
		65D002001AB4F27500121383 /* Promise.swift */ = {isa = PBXFileReference; fileEncoding = 4; lastKnownFileType = sourcecode.swift; path = Promise.swift; sourceTree = "<group>"; };
		65D002011AB4F27500121383 /* SettledResult.swift */ = {isa = PBXFileReference; fileEncoding = 4; lastKnownFileType = sourcecode.swift; path = SettledResult.swift; sourceTree = "<group>"; };
		65D002031AB4F27500121383 /* SwiftyJSON.swift */ = {isa = PBXFileReference; fileEncoding = 4; lastKnownFileType = sourcecode.swift; path = SwiftyJSON.swift; sourceTree = "<group>"; };
/* End PBXFileReference section */

/* Begin PBXFrameworksBuildPhase section */
		65D0019E1AB4B90F00121383 /* Frameworks */ = {
			isa = PBXFrameworksBuildPhase;
			buildActionMask = 2147483647;
			files = (
			);
			runOnlyForDeploymentPostprocessing = 0;
		};
		65D001B71AB4B90F00121383 /* Frameworks */ = {
			isa = PBXFrameworksBuildPhase;
			buildActionMask = 2147483647;
			files = (
			);
			runOnlyForDeploymentPostprocessing = 0;
		};
		65D001D51AB4D73A00121383 /* Frameworks */ = {
			isa = PBXFrameworksBuildPhase;
			buildActionMask = 2147483647;
			files = (
			);
			runOnlyForDeploymentPostprocessing = 0;
		};
/* End PBXFrameworksBuildPhase section */

/* Begin PBXGroup section */
		65D001981AB4B90F00121383 = {
			isa = PBXGroup;
			children = (
				65D001A31AB4B90F00121383 /* weather */,
				65D001BD1AB4B90F00121383 /* weatherTests */,
				65D001D91AB4D73A00121383 /* weather WatchKit Extension */,
				65D001EB1AB4D73A00121383 /* weather WatchKit App */,
				65D001A21AB4B90F00121383 /* Products */,
			);
			sourceTree = "<group>";
		};
		65D001A21AB4B90F00121383 /* Products */ = {
			isa = PBXGroup;
			children = (
				65D001A11AB4B90F00121383 /* weather.app */,
				65D001BA1AB4B90F00121383 /* weatherTests.xctest */,
				65D001D81AB4D73A00121383 /* weather WatchKit Extension.appex */,
				65D001E71AB4D73A00121383 /* weather WatchKit App.app */,
			);
			name = Products;
			sourceTree = "<group>";
		};
		65D001A31AB4B90F00121383 /* weather */ = {
			isa = PBXGroup;
			children = (
				65D001FD1AB4F27500121383 /* craft */,
				65D002021AB4F27500121383 /* SwiftyJSON */,
				65D001A61AB4B90F00121383 /* AppDelegate.swift */,
				65D001A81AB4B90F00121383 /* RootViewController.swift */,
				65D001AA1AB4B90F00121383 /* DataViewController.swift */,
				65D001AC1AB4B90F00121383 /* ModelController.swift */,
				65D001CA1AB4B9B500121383 /* YQL.swift */,
				65D001CC1AB4C36700121383 /* WeatherData.swift */,
				65D001AE1AB4B90F00121383 /* Main.storyboard */,
				65D001B11AB4B90F00121383 /* Images.xcassets */,
				65D001B31AB4B90F00121383 /* LaunchScreen.xib */,
				65D001A41AB4B90F00121383 /* Supporting Files */,
			);
			path = weather;
			sourceTree = "<group>";
		};
		65D001A41AB4B90F00121383 /* Supporting Files */ = {
			isa = PBXGroup;
			children = (
				65D001A51AB4B90F00121383 /* Info.plist */,
			);
			name = "Supporting Files";
			sourceTree = "<group>";
		};
		65D001BD1AB4B90F00121383 /* weatherTests */ = {
			isa = PBXGroup;
			children = (
				65D001C01AB4B90F00121383 /* weatherTests.swift */,
				65D001BE1AB4B90F00121383 /* Supporting Files */,
			);
			path = weatherTests;
			sourceTree = "<group>";
		};
		65D001BE1AB4B90F00121383 /* Supporting Files */ = {
			isa = PBXGroup;
			children = (
				65D001BF1AB4B90F00121383 /* Info.plist */,
			);
			name = "Supporting Files";
			sourceTree = "<group>";
		};
		65D001D91AB4D73A00121383 /* weather WatchKit Extension */ = {
			isa = PBXGroup;
			children = (
				65D001DD1AB4D73A00121383 /* InterfaceController.swift */,
				65D001DF1AB4D73A00121383 /* NotificationController.swift */,
				65D001E11AB4D73A00121383 /* GlanceController.swift */,
				65D001E31AB4D73A00121383 /* Images.xcassets */,
				65D001DA1AB4D73A00121383 /* Supporting Files */,
			);
			path = "weather WatchKit Extension";
			sourceTree = "<group>";
		};
		65D001DA1AB4D73A00121383 /* Supporting Files */ = {
			isa = PBXGroup;
			children = (
				65D001DB1AB4D73A00121383 /* Info.plist */,
				65D001DC1AB4D73A00121383 /* PushNotificationPayload.apns */,
			);
			name = "Supporting Files";
			sourceTree = "<group>";
		};
		65D001EB1AB4D73A00121383 /* weather WatchKit App */ = {
			isa = PBXGroup;
			children = (
				65D001EE1AB4D73A00121383 /* Interface.storyboard */,
				65D001F11AB4D73A00121383 /* Images.xcassets */,
				65D001EC1AB4D73A00121383 /* Supporting Files */,
			);
			path = "weather WatchKit App";
			sourceTree = "<group>";
		};
		65D001EC1AB4D73A00121383 /* Supporting Files */ = {
			isa = PBXGroup;
			children = (
				65D001ED1AB4D73A00121383 /* Info.plist */,
			);
			name = "Supporting Files";
			sourceTree = "<group>";
		};
		65D001FD1AB4F27500121383 /* craft */ = {
			isa = PBXGroup;
			children = (
				65D001FE1AB4F27500121383 /* Craft.swift */,
				65D001FF1AB4F27500121383 /* Deferred.swift */,
				65D002001AB4F27500121383 /* Promise.swift */,
				65D002011AB4F27500121383 /* SettledResult.swift */,
			);
			path = craft;
			sourceTree = "<group>";
		};
		65D002021AB4F27500121383 /* SwiftyJSON */ = {
			isa = PBXGroup;
			children = (
				65D002031AB4F27500121383 /* SwiftyJSON.swift */,
			);
			path = SwiftyJSON;
			sourceTree = "<group>";
		};
/* End PBXGroup section */

/* Begin PBXNativeTarget section */
		65D001A01AB4B90F00121383 /* weather */ = {
			isa = PBXNativeTarget;
			buildConfigurationList = 65D001C41AB4B90F00121383 /* Build configuration list for PBXNativeTarget "weather" */;
			buildPhases = (
				65D0019D1AB4B90F00121383 /* Sources */,
				65D0019E1AB4B90F00121383 /* Frameworks */,
				65D0019F1AB4B90F00121383 /* Resources */,
				65D001F51AB4D73A00121383 /* Embed App Extensions */,
			);
			buildRules = (
			);
			dependencies = (
				65D001F41AB4D73A00121383 /* PBXTargetDependency */,
			);
			name = weather;
			productName = weather;
			productReference = 65D001A11AB4B90F00121383 /* weather.app */;
			productType = "com.apple.product-type.application";
		};
		65D001B91AB4B90F00121383 /* weatherTests */ = {
			isa = PBXNativeTarget;
			buildConfigurationList = 65D001C71AB4B90F00121383 /* Build configuration list for PBXNativeTarget "weatherTests" */;
			buildPhases = (
				65D001B61AB4B90F00121383 /* Sources */,
				65D001B71AB4B90F00121383 /* Frameworks */,
				65D001B81AB4B90F00121383 /* Resources */,
			);
			buildRules = (
			);
			dependencies = (
				65D001BC1AB4B90F00121383 /* PBXTargetDependency */,
			);
			name = weatherTests;
			productName = weatherTests;
			productReference = 65D001BA1AB4B90F00121383 /* weatherTests.xctest */;
			productType = "com.apple.product-type.bundle.unit-test";
		};
		65D001D71AB4D73A00121383 /* weather WatchKit Extension */ = {
			isa = PBXNativeTarget;
			buildConfigurationList = 65D001FA1AB4D73A00121383 /* Build configuration list for PBXNativeTarget "weather WatchKit Extension" */;
			buildPhases = (
				65D001D41AB4D73A00121383 /* Sources */,
				65D001D51AB4D73A00121383 /* Frameworks */,
				65D001D61AB4D73A00121383 /* Resources */,
			);
			buildRules = (
			);
			dependencies = (
				65D001EA1AB4D73A00121383 /* PBXTargetDependency */,
			);
			name = "weather WatchKit Extension";
			productName = "weather WatchKit Extension";
			productReference = 65D001D81AB4D73A00121383 /* weather WatchKit Extension.appex */;
			productType = "com.apple.product-type.watchkit-extension";
		};
		65D001E61AB4D73A00121383 /* weather WatchKit App */ = {
			isa = PBXNativeTarget;
			buildConfigurationList = 65D001F71AB4D73A00121383 /* Build configuration list for PBXNativeTarget "weather WatchKit App" */;
			buildPhases = (
				65D001E51AB4D73A00121383 /* Resources */,
			);
			buildRules = (
			);
			dependencies = (
			);
			name = "weather WatchKit App";
			productName = "weather WatchKit App";
			productReference = 65D001E71AB4D73A00121383 /* weather WatchKit App.app */;
			productType = "com.apple.product-type.application.watchapp";
		};
/* End PBXNativeTarget section */

/* Begin PBXProject section */
		65D001991AB4B90F00121383 /* Project object */ = {
			isa = PBXProject;
			attributes = {
				LastUpgradeCheck = 0620;
				ORGANIZATIONNAME = "Tommy Leung";
				TargetAttributes = {
					65D001A01AB4B90F00121383 = {
						CreatedOnToolsVersion = 6.2;
					};
					65D001B91AB4B90F00121383 = {
						CreatedOnToolsVersion = 6.2;
						TestTargetID = 65D001A01AB4B90F00121383;
					};
					65D001D71AB4D73A00121383 = {
						CreatedOnToolsVersion = 6.2;
					};
					65D001E61AB4D73A00121383 = {
						CreatedOnToolsVersion = 6.2;
					};
				};
			};
			buildConfigurationList = 65D0019C1AB4B90F00121383 /* Build configuration list for PBXProject "weather" */;
			compatibilityVersion = "Xcode 3.2";
			developmentRegion = English;
			hasScannedForEncodings = 0;
			knownRegions = (
				en,
				Base,
			);
			mainGroup = 65D001981AB4B90F00121383;
			productRefGroup = 65D001A21AB4B90F00121383 /* Products */;
			projectDirPath = "";
			projectRoot = "";
			targets = (
				65D001A01AB4B90F00121383 /* weather */,
				65D001B91AB4B90F00121383 /* weatherTests */,
				65D001D71AB4D73A00121383 /* weather WatchKit Extension */,
				65D001E61AB4D73A00121383 /* weather WatchKit App */,
			);
		};
/* End PBXProject section */

/* Begin PBXResourcesBuildPhase section */
		65D0019F1AB4B90F00121383 /* Resources */ = {
			isa = PBXResourcesBuildPhase;
			buildActionMask = 2147483647;
			files = (
				65D001B01AB4B90F00121383 /* Main.storyboard in Resources */,
				65D001B51AB4B90F00121383 /* LaunchScreen.xib in Resources */,
				65D001B21AB4B90F00121383 /* Images.xcassets in Resources */,
			);
			runOnlyForDeploymentPostprocessing = 0;
		};
		65D001B81AB4B90F00121383 /* Resources */ = {
			isa = PBXResourcesBuildPhase;
			buildActionMask = 2147483647;
			files = (
			);
			runOnlyForDeploymentPostprocessing = 0;
		};
		65D001D61AB4D73A00121383 /* Resources */ = {
			isa = PBXResourcesBuildPhase;
			buildActionMask = 2147483647;
			files = (
				65D001E41AB4D73A00121383 /* Images.xcassets in Resources */,
				65D001E81AB4D73A00121383 /* weather WatchKit App.app in Resources */,
			);
			runOnlyForDeploymentPostprocessing = 0;
		};
		65D001E51AB4D73A00121383 /* Resources */ = {
			isa = PBXResourcesBuildPhase;
			buildActionMask = 2147483647;
			files = (
				65D001F01AB4D73A00121383 /* Interface.storyboard in Resources */,
				65D001F21AB4D73A00121383 /* Images.xcassets in Resources */,
			);
			runOnlyForDeploymentPostprocessing = 0;
		};
/* End PBXResourcesBuildPhase section */

/* Begin PBXSourcesBuildPhase section */
		65D0019D1AB4B90F00121383 /* Sources */ = {
			isa = PBXSourcesBuildPhase;
			buildActionMask = 2147483647;
			files = (
				65D001A91AB4B90F00121383 /* RootViewController.swift in Sources */,
				65D002041AB4F27500121383 /* Craft.swift in Sources */,
				65D002051AB4F27500121383 /* Deferred.swift in Sources */,
				65D002081AB4F27500121383 /* SwiftyJSON.swift in Sources */,
				65D001AD1AB4B90F00121383 /* ModelController.swift in Sources */,
				65D001CB1AB4B9B500121383 /* YQL.swift in Sources */,
				65D002061AB4F27500121383 /* Promise.swift in Sources */,
				65D001AB1AB4B90F00121383 /* DataViewController.swift in Sources */,
				65D001CD1AB4C36700121383 /* WeatherData.swift in Sources */,
				65D002071AB4F27500121383 /* SettledResult.swift in Sources */,
				65D001A71AB4B90F00121383 /* AppDelegate.swift in Sources */,
			);
			runOnlyForDeploymentPostprocessing = 0;
		};
		65D001B61AB4B90F00121383 /* Sources */ = {
			isa = PBXSourcesBuildPhase;
			buildActionMask = 2147483647;
			files = (
				65D001C11AB4B90F00121383 /* weatherTests.swift in Sources */,
			);
			runOnlyForDeploymentPostprocessing = 0;
		};
		65D001D41AB4D73A00121383 /* Sources */ = {
			isa = PBXSourcesBuildPhase;
			buildActionMask = 2147483647;
			files = (
				65D001E01AB4D73A00121383 /* NotificationController.swift in Sources */,
				65D001DE1AB4D73A00121383 /* InterfaceController.swift in Sources */,
				65D001E21AB4D73A00121383 /* GlanceController.swift in Sources */,
			);
			runOnlyForDeploymentPostprocessing = 0;
		};
/* End PBXSourcesBuildPhase section */

/* Begin PBXTargetDependency section */
		65D001BC1AB4B90F00121383 /* PBXTargetDependency */ = {
			isa = PBXTargetDependency;
			target = 65D001A01AB4B90F00121383 /* weather */;
			targetProxy = 65D001BB1AB4B90F00121383 /* PBXContainerItemProxy */;
		};
		65D001EA1AB4D73A00121383 /* PBXTargetDependency */ = {
			isa = PBXTargetDependency;
			target = 65D001E61AB4D73A00121383 /* weather WatchKit App */;
			targetProxy = 65D001E91AB4D73A00121383 /* PBXContainerItemProxy */;
		};
		65D001F41AB4D73A00121383 /* PBXTargetDependency */ = {
			isa = PBXTargetDependency;
			target = 65D001D71AB4D73A00121383 /* weather WatchKit Extension */;
			targetProxy = 65D001F31AB4D73A00121383 /* PBXContainerItemProxy */;
		};
/* End PBXTargetDependency section */

/* Begin PBXVariantGroup section */
		65D001AE1AB4B90F00121383 /* Main.storyboard */ = {
			isa = PBXVariantGroup;
			children = (
				65D001AF1AB4B90F00121383 /* Base */,
			);
			name = Main.storyboard;
			sourceTree = "<group>";
		};
		65D001B31AB4B90F00121383 /* LaunchScreen.xib */ = {
			isa = PBXVariantGroup;
			children = (
				65D001B41AB4B90F00121383 /* Base */,
			);
			name = LaunchScreen.xib;
			sourceTree = "<group>";
		};
		65D001EE1AB4D73A00121383 /* Interface.storyboard */ = {
			isa = PBXVariantGroup;
			children = (
				65D001EF1AB4D73A00121383 /* Base */,
			);
			name = Interface.storyboard;
			sourceTree = "<group>";
		};
/* End PBXVariantGroup section */

/* Begin XCBuildConfiguration section */
		65D001C21AB4B90F00121383 /* Debug */ = {
			isa = XCBuildConfiguration;
			buildSettings = {
				ALWAYS_SEARCH_USER_PATHS = NO;
				CLANG_CXX_LANGUAGE_STANDARD = "gnu++0x";
				CLANG_CXX_LIBRARY = "libc++";
				CLANG_ENABLE_MODULES = YES;
				CLANG_ENABLE_OBJC_ARC = YES;
				CLANG_WARN_BOOL_CONVERSION = YES;
				CLANG_WARN_CONSTANT_CONVERSION = YES;
				CLANG_WARN_DIRECT_OBJC_ISA_USAGE = YES_ERROR;
				CLANG_WARN_EMPTY_BODY = YES;
				CLANG_WARN_ENUM_CONVERSION = YES;
				CLANG_WARN_INT_CONVERSION = YES;
				CLANG_WARN_OBJC_ROOT_CLASS = YES_ERROR;
				CLANG_WARN_UNREACHABLE_CODE = YES;
				CLANG_WARN__DUPLICATE_METHOD_MATCH = YES;
				"CODE_SIGN_IDENTITY[sdk=iphoneos*]" = "iPhone Developer";
				COPY_PHASE_STRIP = NO;
				ENABLE_STRICT_OBJC_MSGSEND = YES;
				GCC_C_LANGUAGE_STANDARD = gnu99;
				GCC_DYNAMIC_NO_PIC = NO;
				GCC_OPTIMIZATION_LEVEL = 0;
				GCC_PREPROCESSOR_DEFINITIONS = (
					"DEBUG=1",
					"$(inherited)",
				);
				GCC_SYMBOLS_PRIVATE_EXTERN = NO;
				GCC_WARN_64_TO_32_BIT_CONVERSION = YES;
				GCC_WARN_ABOUT_RETURN_TYPE = YES_ERROR;
				GCC_WARN_UNDECLARED_SELECTOR = YES;
				GCC_WARN_UNINITIALIZED_AUTOS = YES_AGGRESSIVE;
				GCC_WARN_UNUSED_FUNCTION = YES;
				GCC_WARN_UNUSED_VARIABLE = YES;
				IPHONEOS_DEPLOYMENT_TARGET = 8.2;
				MTL_ENABLE_DEBUG_INFO = YES;
				ONLY_ACTIVE_ARCH = YES;
				SDKROOT = iphoneos;
				SWIFT_OPTIMIZATION_LEVEL = "-Onone";
			};
			name = Debug;
		};
		65D001C31AB4B90F00121383 /* Release */ = {
			isa = XCBuildConfiguration;
			buildSettings = {
				ALWAYS_SEARCH_USER_PATHS = NO;
				CLANG_CXX_LANGUAGE_STANDARD = "gnu++0x";
				CLANG_CXX_LIBRARY = "libc++";
				CLANG_ENABLE_MODULES = YES;
				CLANG_ENABLE_OBJC_ARC = YES;
				CLANG_WARN_BOOL_CONVERSION = YES;
				CLANG_WARN_CONSTANT_CONVERSION = YES;
				CLANG_WARN_DIRECT_OBJC_ISA_USAGE = YES_ERROR;
				CLANG_WARN_EMPTY_BODY = YES;
				CLANG_WARN_ENUM_CONVERSION = YES;
				CLANG_WARN_INT_CONVERSION = YES;
				CLANG_WARN_OBJC_ROOT_CLASS = YES_ERROR;
				CLANG_WARN_UNREACHABLE_CODE = YES;
				CLANG_WARN__DUPLICATE_METHOD_MATCH = YES;
				"CODE_SIGN_IDENTITY[sdk=iphoneos*]" = "iPhone Developer";
				COPY_PHASE_STRIP = NO;
				ENABLE_NS_ASSERTIONS = NO;
				ENABLE_STRICT_OBJC_MSGSEND = YES;
				GCC_C_LANGUAGE_STANDARD = gnu99;
				GCC_WARN_64_TO_32_BIT_CONVERSION = YES;
				GCC_WARN_ABOUT_RETURN_TYPE = YES_ERROR;
				GCC_WARN_UNDECLARED_SELECTOR = YES;
				GCC_WARN_UNINITIALIZED_AUTOS = YES_AGGRESSIVE;
				GCC_WARN_UNUSED_FUNCTION = YES;
				GCC_WARN_UNUSED_VARIABLE = YES;
				IPHONEOS_DEPLOYMENT_TARGET = 8.2;
				MTL_ENABLE_DEBUG_INFO = NO;
				SDKROOT = iphoneos;
				VALIDATE_PRODUCT = YES;
			};
			name = Release;
		};
		65D001C51AB4B90F00121383 /* Debug */ = {
			isa = XCBuildConfiguration;
			buildSettings = {
				ASSETCATALOG_COMPILER_APPICON_NAME = AppIcon;
				EMBEDDED_CONTENT_CONTAINS_SWIFT = YES;
				FRAMEWORK_SEARCH_PATHS = (
					"$(inherited)",
					"$(PROJECT_DIR)/weather/Frameworks",
				);
				INFOPLIST_FILE = weather/Info.plist;
				LD_RUNPATH_SEARCH_PATHS = "$(inherited) @executable_path/Frameworks";
				PRODUCT_NAME = "$(TARGET_NAME)";
			};
			name = Debug;
		};
		65D001C61AB4B90F00121383 /* Release */ = {
			isa = XCBuildConfiguration;
			buildSettings = {
				ASSETCATALOG_COMPILER_APPICON_NAME = AppIcon;
				EMBEDDED_CONTENT_CONTAINS_SWIFT = YES;
				FRAMEWORK_SEARCH_PATHS = (
					"$(inherited)",
					"$(PROJECT_DIR)/weather/Frameworks",
				);
				INFOPLIST_FILE = weather/Info.plist;
				LD_RUNPATH_SEARCH_PATHS = "$(inherited) @executable_path/Frameworks";
				PRODUCT_NAME = "$(TARGET_NAME)";
			};
			name = Release;
		};
		65D001C81AB4B90F00121383 /* Debug */ = {
			isa = XCBuildConfiguration;
			buildSettings = {
				BUNDLE_LOADER = "$(TEST_HOST)";
				FRAMEWORK_SEARCH_PATHS = (
					"$(SDKROOT)/Developer/Library/Frameworks",
					"$(inherited)",
				);
				GCC_PREPROCESSOR_DEFINITIONS = (
					"DEBUG=1",
					"$(inherited)",
				);
				INFOPLIST_FILE = weatherTests/Info.plist;
				LD_RUNPATH_SEARCH_PATHS = "$(inherited) @executable_path/Frameworks @loader_path/Frameworks";
				PRODUCT_NAME = "$(TARGET_NAME)";
				TEST_HOST = "$(BUILT_PRODUCTS_DIR)/weather.app/weather";
			};
			name = Debug;
		};
		65D001C91AB4B90F00121383 /* Release */ = {
			isa = XCBuildConfiguration;
			buildSettings = {
				BUNDLE_LOADER = "$(TEST_HOST)";
				FRAMEWORK_SEARCH_PATHS = (
					"$(SDKROOT)/Developer/Library/Frameworks",
					"$(inherited)",
				);
				INFOPLIST_FILE = weatherTests/Info.plist;
				LD_RUNPATH_SEARCH_PATHS = "$(inherited) @executable_path/Frameworks @loader_path/Frameworks";
				PRODUCT_NAME = "$(TARGET_NAME)";
				TEST_HOST = "$(BUILT_PRODUCTS_DIR)/weather.app/weather";
			};
			name = Release;
		};
		65D001F81AB4D73A00121383 /* Debug */ = {
			isa = XCBuildConfiguration;
			buildSettings = {
				ASSETCATALOG_COMPILER_APPICON_NAME = AppIcon;
				GCC_PREPROCESSOR_DEFINITIONS = (
					"DEBUG=1",
					"$(inherited)",
				);
				IBSC_MODULE = weather_WatchKit_Extension;
				INFOPLIST_FILE = "weather WatchKit App/Info.plist";
				PRODUCT_NAME = "$(TARGET_NAME)";
				SKIP_INSTALL = YES;
				TARGETED_DEVICE_FAMILY = 4;
				"TARGETED_DEVICE_FAMILY[sdk=iphonesimulator*]" = "1,4";
			};
			name = Debug;
		};
		65D001F91AB4D73A00121383 /* Release */ = {
			isa = XCBuildConfiguration;
			buildSettings = {
				ASSETCATALOG_COMPILER_APPICON_NAME = AppIcon;
				IBSC_MODULE = weather_WatchKit_Extension;
				INFOPLIST_FILE = "weather WatchKit App/Info.plist";
				PRODUCT_NAME = "$(TARGET_NAME)";
				SKIP_INSTALL = YES;
				TARGETED_DEVICE_FAMILY = 4;
				"TARGETED_DEVICE_FAMILY[sdk=iphonesimulator*]" = "1,4";
			};
			name = Release;
		};
		65D001FB1AB4D73A00121383 /* Debug */ = {
			isa = XCBuildConfiguration;
			buildSettings = {
				GCC_PREPROCESSOR_DEFINITIONS = (
					"DEBUG=1",
					"$(inherited)",
				);
				INFOPLIST_FILE = "weather WatchKit Extension/Info.plist";
				LD_RUNPATH_SEARCH_PATHS = "$(inherited) @executable_path/Frameworks @executable_path/../../Frameworks";
				PRODUCT_NAME = "${TARGET_NAME}";
				SKIP_INSTALL = YES;
			};
			name = Debug;
		};
		65D001FC1AB4D73A00121383 /* Release */ = {
			isa = XCBuildConfiguration;
			buildSettings = {
				INFOPLIST_FILE = "weather WatchKit Extension/Info.plist";
				LD_RUNPATH_SEARCH_PATHS = "$(inherited) @executable_path/Frameworks @executable_path/../../Frameworks";
				PRODUCT_NAME = "${TARGET_NAME}";
				SKIP_INSTALL = YES;
			};
			name = Release;
		};
/* End XCBuildConfiguration section */

/* Begin XCConfigurationList section */
		65D0019C1AB4B90F00121383 /* Build configuration list for PBXProject "weather" */ = {
			isa = XCConfigurationList;
			buildConfigurations = (
				65D001C21AB4B90F00121383 /* Debug */,
				65D001C31AB4B90F00121383 /* Release */,
			);
			defaultConfigurationIsVisible = 0;
			defaultConfigurationName = Release;
		};
		65D001C41AB4B90F00121383 /* Build configuration list for PBXNativeTarget "weather" */ = {
			isa = XCConfigurationList;
			buildConfigurations = (
				65D001C51AB4B90F00121383 /* Debug */,
				65D001C61AB4B90F00121383 /* Release */,
			);
			defaultConfigurationIsVisible = 0;
		};
		65D001C71AB4B90F00121383 /* Build configuration list for PBXNativeTarget "weatherTests" */ = {
			isa = XCConfigurationList;
			buildConfigurations = (
				65D001C81AB4B90F00121383 /* Debug */,
				65D001C91AB4B90F00121383 /* Release */,
			);
			defaultConfigurationIsVisible = 0;
		};
		65D001F71AB4D73A00121383 /* Build configuration list for PBXNativeTarget "weather WatchKit App" */ = {
			isa = XCConfigurationList;
			buildConfigurations = (
				65D001F81AB4D73A00121383 /* Debug */,
				65D001F91AB4D73A00121383 /* Release */,
			);
			defaultConfigurationIsVisible = 0;
		};
		65D001FA1AB4D73A00121383 /* Build configuration list for PBXNativeTarget "weather WatchKit Extension" */ = {
			isa = XCConfigurationList;
			buildConfigurations = (
				65D001FB1AB4D73A00121383 /* Debug */,
				65D001FC1AB4D73A00121383 /* Release */,
			);
			defaultConfigurationIsVisible = 0;
		};
/* End XCConfigurationList section */
	};
	rootObject = 65D001991AB4B90F00121383 /* Project object */;
}
